
Microsoft Visual Studio Solution File, Format Version 12.00
# Visual Studio 15
VisualStudioVersion = 15.0.28307.329
MinimumVisualStudioVersion = 10.0.40219.1
Project("{FAE04EC0-301F-11D3-BF4B-00C04F79EFBC}") = "WindowsFormsApp1", "WindowsFormsApp1\WindowsFormsApp1.csproj", "{40CAF143-5750-427A-9985-F1254B194518}"
EndProject
Global
	GlobalSection(SolutionConfigurationPlatforms) = preSolution
		Debug|Any CPU = Debug|Any CPU
		Release|Any CPU = Release|Any CPU
	EndGlobalSection
	GlobalSection(ProjectConfigurationPlatforms) = postSolution
		{40CAF143-5750-427A-9985-F1254B194518}.Debug|Any CPU.ActiveCfg = Debug|Any CPU
		{40CAF143-5750-427A-9985-F1254B194518}.Debug|Any CPU.Build.0 = Debug|Any CPU
		{40CAF143-5750-427A-9985-F1254B194518}.Release|Any CPU.ActiveCfg = Release|Any CPU
		{40CAF143-5750-427A-9985-F1254B194518}.Release|Any CPU.Build.0 = Release|Any CPU
	EndGlobalSection
	GlobalSection(SolutionProperties) = preSolution
		HideSolutionNode = FALSE
	EndGlobalSection
	GlobalSection(ExtensibilityGlobals) = postSolution
		SolutionGuid = {04172A4A-52AB-4719-90B0-0CC1F18F2BFE}
	EndGlobalSection
EndGlobal
