
Microsoft Visual Studio Solution File, Format Version 12.00
# Visual Studio 15
VisualStudioVersion = 15.0.28307.539
MinimumVisualStudioVersion = 10.0.40219.1
Project("{FAE04EC0-301F-11D3-BF4B-00C04F79EFBC}") = "WpfApp1", "WpfApp1\WpfApp1.csproj", "{FAE5881C-6B68-411D-AD93-304709D899FF}"
EndProject
Global
	GlobalSection(SolutionConfigurationPlatforms) = preSolution
		Debug|Any CPU = Debug|Any CPU
		Release|Any CPU = Release|Any CPU
	EndGlobalSection
	GlobalSection(ProjectConfigurationPlatforms) = postSolution
		{FAE5881C-6B68-411D-AD93-304709D899FF}.Debug|Any CPU.ActiveCfg = Debug|Any CPU
		{FAE5881C-6B68-411D-AD93-304709D899FF}.Debug|Any CPU.Build.0 = Debug|Any CPU
		{FAE5881C-6B68-411D-AD93-304709D899FF}.Release|Any CPU.ActiveCfg = Release|Any CPU
		{FAE5881C-6B68-411D-AD93-304709D899FF}.Release|Any CPU.Build.0 = Release|Any CPU
	EndGlobalSection
	GlobalSection(SolutionProperties) = preSolution
		HideSolutionNode = FALSE
	EndGlobalSection
	GlobalSection(ExtensibilityGlobals) = postSolution
		SolutionGuid = {DA6A826A-AA81-40C1-8FA8-3B44949430E6}
	EndGlobalSection
EndGlobal
